
Microsoft Visual Studio Solution File, Format Version 12.00
# Visual Studio Version 17
VisualStudioVersion = 17.7.34202.233
MinimumVisualStudioVersion = 10.0.40219.1
Project("{FAE04EC0-301F-11D3-BF4B-00C04F79EFBC}") = "CleanNow", "CleanNow\CleanNow.csproj", "{84EB52C7-2197-4D77-9F39-0EBC4B5039E3}"
EndProject
Project("{FAE04EC0-301F-11D3-BF4B-00C04F79EFBC}") = "CleanNow.Core.Domain", "CleanNow.Core.Domain\CleanNow.Core.Domain.csproj", "{143A86AF-E618-4BE0-8442-10748047F6BC}"
EndProject
Project("{FAE04EC0-301F-11D3-BF4B-00C04F79EFBC}") = "CleanNow.Core.Application", "CleanNow.Core.Application\CleanNow.Core.Application.csproj", "{C01C7522-A3FF-4877-A852-BC8CBFB58996}"
EndProject
Project("{FAE04EC0-301F-11D3-BF4B-00C04F79EFBC}") = "CleanNow.Infrastructured.Persistence", "CleanNow.Infrastructured.Persistence\CleanNow.Infrastructured.Persistence.csproj", "{66BC6D0F-3777-4369-8593-D96702947181}"
EndProject
Project("{FAE04EC0-301F-11D3-BF4B-00C04F79EFBC}") = "CleanNow.Infrastructured.Shared", "CleanNow.Infrastructured.Shared\CleanNow.Infrastructured.Shared.csproj", "{8C94B248-3993-4470-AAA4-C3210AF54085}"
EndProject
Project("{FAE04EC0-301F-11D3-BF4B-00C04F79EFBC}") = "CleanNow.Infrastructured.Identity", "CleanNow.Infrastructured.Identity\CleanNow.Infrastructured.Identity.csproj", "{270A1E55-EE08-471A-B041-B3395FF173E7}"
EndProject
Project("{2150E333-8FDC-42A3-9474-1A3956D46DE8}") = "src", "src", "{14B748A2-14C0-4E18-A88A-19F4EED9C255}"
EndProject
Project("{2150E333-8FDC-42A3-9474-1A3956D46DE8}") = "core", "core", "{85B817D6-5122-4932-B6E7-E53204628E2C}"
EndProject
Project("{2150E333-8FDC-42A3-9474-1A3956D46DE8}") = "infrastructured", "infrastructured", "{2F117651-EBB4-4C48-B074-CF1BCCBD9E72}"
EndProject
Project("{2150E333-8FDC-42A3-9474-1A3956D46DE8}") = "webApi", "webApi", "{BC26E6A4-D0B7-4EBD-9C83-26DEC5AD7718}"
EndProject
Global
	GlobalSection(SolutionConfigurationPlatforms) = preSolution
		Debug|Any CPU = Debug|Any CPU
		Release|Any CPU = Release|Any CPU
	EndGlobalSection
	GlobalSection(ProjectConfigurationPlatforms) = postSolution
		{84EB52C7-2197-4D77-9F39-0EBC4B5039E3}.Debug|Any CPU.ActiveCfg = Debug|Any CPU
		{84EB52C7-2197-4D77-9F39-0EBC4B5039E3}.Debug|Any CPU.Build.0 = Debug|Any CPU
		{84EB52C7-2197-4D77-9F39-0EBC4B5039E3}.Release|Any CPU.ActiveCfg = Release|Any CPU
		{84EB52C7-2197-4D77-9F39-0EBC4B5039E3}.Release|Any CPU.Build.0 = Release|Any CPU
		{143A86AF-E618-4BE0-8442-10748047F6BC}.Debug|Any CPU.ActiveCfg = Debug|Any CPU
		{143A86AF-E618-4BE0-8442-10748047F6BC}.Debug|Any CPU.Build.0 = Debug|Any CPU
		{143A86AF-E618-4BE0-8442-10748047F6BC}.Release|Any CPU.ActiveCfg = Release|Any CPU
		{143A86AF-E618-4BE0-8442-10748047F6BC}.Release|Any CPU.Build.0 = Release|Any CPU
		{C01C7522-A3FF-4877-A852-BC8CBFB58996}.Debug|Any CPU.ActiveCfg = Debug|Any CPU
		{C01C7522-A3FF-4877-A852-BC8CBFB58996}.Debug|Any CPU.Build.0 = Debug|Any CPU
		{C01C7522-A3FF-4877-A852-BC8CBFB58996}.Release|Any CPU.ActiveCfg = Release|Any CPU
		{C01C7522-A3FF-4877-A852-BC8CBFB58996}.Release|Any CPU.Build.0 = Release|Any CPU
		{66BC6D0F-3777-4369-8593-D96702947181}.Debug|Any CPU.ActiveCfg = Debug|Any CPU
		{66BC6D0F-3777-4369-8593-D96702947181}.Debug|Any CPU.Build.0 = Debug|Any CPU
		{66BC6D0F-3777-4369-8593-D96702947181}.Release|Any CPU.ActiveCfg = Release|Any CPU
		{66BC6D0F-3777-4369-8593-D96702947181}.Release|Any CPU.Build.0 = Release|Any CPU
		{8C94B248-3993-4470-AAA4-C3210AF54085}.Debug|Any CPU.ActiveCfg = Debug|Any CPU
		{8C94B248-3993-4470-AAA4-C3210AF54085}.Debug|Any CPU.Build.0 = Debug|Any CPU
		{8C94B248-3993-4470-AAA4-C3210AF54085}.Release|Any CPU.ActiveCfg = Release|Any CPU
		{8C94B248-3993-4470-AAA4-C3210AF54085}.Release|Any CPU.Build.0 = Release|Any CPU
		{270A1E55-EE08-471A-B041-B3395FF173E7}.Debug|Any CPU.ActiveCfg = Debug|Any CPU
		{270A1E55-EE08-471A-B041-B3395FF173E7}.Debug|Any CPU.Build.0 = Debug|Any CPU
		{270A1E55-EE08-471A-B041-B3395FF173E7}.Release|Any CPU.ActiveCfg = Release|Any CPU
		{270A1E55-EE08-471A-B041-B3395FF173E7}.Release|Any CPU.Build.0 = Release|Any CPU
	EndGlobalSection
	GlobalSection(SolutionProperties) = preSolution
		HideSolutionNode = FALSE
	EndGlobalSection
	GlobalSection(NestedProjects) = preSolution
		{84EB52C7-2197-4D77-9F39-0EBC4B5039E3} = {BC26E6A4-D0B7-4EBD-9C83-26DEC5AD7718}
		{143A86AF-E618-4BE0-8442-10748047F6BC} = {85B817D6-5122-4932-B6E7-E53204628E2C}
		{C01C7522-A3FF-4877-A852-BC8CBFB58996} = {85B817D6-5122-4932-B6E7-E53204628E2C}
		{66BC6D0F-3777-4369-8593-D96702947181} = {2F117651-EBB4-4C48-B074-CF1BCCBD9E72}
		{8C94B248-3993-4470-AAA4-C3210AF54085} = {2F117651-EBB4-4C48-B074-CF1BCCBD9E72}
		{270A1E55-EE08-471A-B041-B3395FF173E7} = {2F117651-EBB4-4C48-B074-CF1BCCBD9E72}
		{85B817D6-5122-4932-B6E7-E53204628E2C} = {14B748A2-14C0-4E18-A88A-19F4EED9C255}
		{2F117651-EBB4-4C48-B074-CF1BCCBD9E72} = {14B748A2-14C0-4E18-A88A-19F4EED9C255}
		{BC26E6A4-D0B7-4EBD-9C83-26DEC5AD7718} = {14B748A2-14C0-4E18-A88A-19F4EED9C255}
	EndGlobalSection
	GlobalSection(ExtensibilityGlobals) = postSolution
		SolutionGuid = {5D1566AD-1461-4E2D-8E82-30CB2971120D}
	EndGlobalSection
EndGlobal
