
Microsoft Visual Studio Solution File, Format Version 12.00
# Visual Studio Version 17
VisualStudioVersion = 17.7.34202.233
MinimumVisualStudioVersion = 10.0.40219.1
Project("{FAE04EC0-301F-11D3-BF4B-00C04F79EFBC}") = "CleanEasy", "CleanEasy\CleanEasy.csproj", "{F5E3BABC-1A7C-48A5-AE87-E3EC5D223F85}"
EndProject
Project("{FAE04EC0-301F-11D3-BF4B-00C04F79EFBC}") = "CleanEasy.Core.Application", "CleanEasy.Core.Application\CleanEasy.Core.Application.csproj", "{A437CD8C-29DB-425E-8988-DE6B08A1668C}"
EndProject
Project("{FAE04EC0-301F-11D3-BF4B-00C04F79EFBC}") = "CleanEasy.Core.Domain", "CleanEasy.Core.Domain\CleanEasy.Core.Domain.csproj", "{C9744E7F-BB49-4BB0-A035-8CAD8DDE988D}"
EndProject
Project("{FAE04EC0-301F-11D3-BF4B-00C04F79EFBC}") = "CleanEasy.Infrastructured.Persistence", "CleanEasy.Infrastructured.Persistence\CleanEasy.Infrastructured.Persistence.csproj", "{513039B0-AC12-4F5A-A2E0-11A851E5F3FD}"
EndProject
Project("{FAE04EC0-301F-11D3-BF4B-00C04F79EFBC}") = "CleanEasy.Infrastructured.Shared", "CleanEasy.Infrastructured.Shared\CleanEasy.Infrastructured.Shared.csproj", "{AB06C131-7805-4506-A43A-4FB959B6B031}"
EndProject
Project("{FAE04EC0-301F-11D3-BF4B-00C04F79EFBC}") = "CleanEasy.Infrastructured.Identity", "CleanEasy.Infrastructured.Identity\CleanEasy.Infrastructured.Identity.csproj", "{57BC2402-BEA8-4BD0-969B-5D511A2FD9AA}"
EndProject
Project("{2150E333-8FDC-42A3-9474-1A3956D46DE8}") = "src", "src", "{FAF314E1-6669-43BA-8146-C9B780262ACF}"
EndProject
Project("{2150E333-8FDC-42A3-9474-1A3956D46DE8}") = "core", "core", "{8E61E458-731C-438D-93B2-0957D6E64C7E}"
EndProject
Project("{2150E333-8FDC-42A3-9474-1A3956D46DE8}") = "infrastructured", "infrastructured", "{E89440CE-D00B-483F-B2AF-93209E892466}"
EndProject
Project("{2150E333-8FDC-42A3-9474-1A3956D46DE8}") = "presentation", "presentation", "{08C34E5E-4CCB-41A2-B008-187AEFC16214}"
EndProject
Global
	GlobalSection(SolutionConfigurationPlatforms) = preSolution
		Debug|Any CPU = Debug|Any CPU
		Release|Any CPU = Release|Any CPU
	EndGlobalSection
	GlobalSection(ProjectConfigurationPlatforms) = postSolution
		{F5E3BABC-1A7C-48A5-AE87-E3EC5D223F85}.Debug|Any CPU.ActiveCfg = Debug|Any CPU
		{F5E3BABC-1A7C-48A5-AE87-E3EC5D223F85}.Debug|Any CPU.Build.0 = Debug|Any CPU
		{F5E3BABC-1A7C-48A5-AE87-E3EC5D223F85}.Release|Any CPU.ActiveCfg = Release|Any CPU
		{F5E3BABC-1A7C-48A5-AE87-E3EC5D223F85}.Release|Any CPU.Build.0 = Release|Any CPU
		{A437CD8C-29DB-425E-8988-DE6B08A1668C}.Debug|Any CPU.ActiveCfg = Debug|Any CPU
		{A437CD8C-29DB-425E-8988-DE6B08A1668C}.Debug|Any CPU.Build.0 = Debug|Any CPU
		{A437CD8C-29DB-425E-8988-DE6B08A1668C}.Release|Any CPU.ActiveCfg = Release|Any CPU
		{A437CD8C-29DB-425E-8988-DE6B08A1668C}.Release|Any CPU.Build.0 = Release|Any CPU
		{C9744E7F-BB49-4BB0-A035-8CAD8DDE988D}.Debug|Any CPU.ActiveCfg = Debug|Any CPU
		{C9744E7F-BB49-4BB0-A035-8CAD8DDE988D}.Debug|Any CPU.Build.0 = Debug|Any CPU
		{C9744E7F-BB49-4BB0-A035-8CAD8DDE988D}.Release|Any CPU.ActiveCfg = Release|Any CPU
		{C9744E7F-BB49-4BB0-A035-8CAD8DDE988D}.Release|Any CPU.Build.0 = Release|Any CPU
		{513039B0-AC12-4F5A-A2E0-11A851E5F3FD}.Debug|Any CPU.ActiveCfg = Debug|Any CPU
		{513039B0-AC12-4F5A-A2E0-11A851E5F3FD}.Debug|Any CPU.Build.0 = Debug|Any CPU
		{513039B0-AC12-4F5A-A2E0-11A851E5F3FD}.Release|Any CPU.ActiveCfg = Release|Any CPU
		{513039B0-AC12-4F5A-A2E0-11A851E5F3FD}.Release|Any CPU.Build.0 = Release|Any CPU
		{AB06C131-7805-4506-A43A-4FB959B6B031}.Debug|Any CPU.ActiveCfg = Debug|Any CPU
		{AB06C131-7805-4506-A43A-4FB959B6B031}.Debug|Any CPU.Build.0 = Debug|Any CPU
		{AB06C131-7805-4506-A43A-4FB959B6B031}.Release|Any CPU.ActiveCfg = Release|Any CPU
		{AB06C131-7805-4506-A43A-4FB959B6B031}.Release|Any CPU.Build.0 = Release|Any CPU
		{57BC2402-BEA8-4BD0-969B-5D511A2FD9AA}.Debug|Any CPU.ActiveCfg = Debug|Any CPU
		{57BC2402-BEA8-4BD0-969B-5D511A2FD9AA}.Debug|Any CPU.Build.0 = Debug|Any CPU
		{57BC2402-BEA8-4BD0-969B-5D511A2FD9AA}.Release|Any CPU.ActiveCfg = Release|Any CPU
		{57BC2402-BEA8-4BD0-969B-5D511A2FD9AA}.Release|Any CPU.Build.0 = Release|Any CPU
	EndGlobalSection
	GlobalSection(SolutionProperties) = preSolution
		HideSolutionNode = FALSE
	EndGlobalSection
	GlobalSection(NestedProjects) = preSolution
		{F5E3BABC-1A7C-48A5-AE87-E3EC5D223F85} = {08C34E5E-4CCB-41A2-B008-187AEFC16214}
		{A437CD8C-29DB-425E-8988-DE6B08A1668C} = {8E61E458-731C-438D-93B2-0957D6E64C7E}
		{C9744E7F-BB49-4BB0-A035-8CAD8DDE988D} = {8E61E458-731C-438D-93B2-0957D6E64C7E}
		{513039B0-AC12-4F5A-A2E0-11A851E5F3FD} = {E89440CE-D00B-483F-B2AF-93209E892466}
		{AB06C131-7805-4506-A43A-4FB959B6B031} = {E89440CE-D00B-483F-B2AF-93209E892466}
		{57BC2402-BEA8-4BD0-969B-5D511A2FD9AA} = {E89440CE-D00B-483F-B2AF-93209E892466}
		{8E61E458-731C-438D-93B2-0957D6E64C7E} = {FAF314E1-6669-43BA-8146-C9B780262ACF}
		{E89440CE-D00B-483F-B2AF-93209E892466} = {FAF314E1-6669-43BA-8146-C9B780262ACF}
		{08C34E5E-4CCB-41A2-B008-187AEFC16214} = {FAF314E1-6669-43BA-8146-C9B780262ACF}
	EndGlobalSection
	GlobalSection(ExtensibilityGlobals) = postSolution
		SolutionGuid = {38986B0A-B565-4AA8-B98E-050B27480F47}
	EndGlobalSection
EndGlobal
